{
  "requires": true,
  "lockfileVersion": 1,
  "dependencies": {
    "node-jason": {
      "version": "1.0.0",
      "resolved": "https://registry.npmjs.org/node-jason/-/node-jason-1.0.0.tgz",
      "integrity": "sha512-e69IzAzVqeYBUw2StsvvZSFSyQUh1qse2fX2XxBTBpoS9OSxj0NWTbPOaRG5h8W8oR91g+cVcU4vSUbgDGXR2Q=="
    }
  }
}
